// !$*UTF8*$!
{
	archiveVersion = 1;
	classes = {
	};
	objectVersion = 50;
	objects = {

/* Begin PBXBuildFile section */
		3D7C9425224F05F8001D1AD3 /* RoundedButton.swift in Sources */ = {isa = PBXBuildFile; fileRef = 3D7C9424224F05F8001D1AD3 /* RoundedButton.swift */; };
		3DB2A79B224CE5EA002BCED8 /* ChatVC.swift in Sources */ = {isa = PBXBuildFile; fileRef = 3DB2A79A224CE5EA002BCED8 /* ChatVC.swift */; };
		3DB2A79D224CE615002BCED8 /* ChannelVC.swift in Sources */ = {isa = PBXBuildFile; fileRef = 3DB2A79C224CE615002BCED8 /* ChannelVC.swift */; };
		3DB2A79F224D13C1002BCED8 /* GradientView.swift in Sources */ = {isa = PBXBuildFile; fileRef = 3DB2A79E224D13C1002BCED8 /* GradientView.swift */; };
		3DBA8B5A224DABF1008CBFA5 /* Constants.swift in Sources */ = {isa = PBXBuildFile; fileRef = 3DBA8B59224DABF1008CBFA5 /* Constants.swift */; };
		3DBA8B5C224DB3C2008CBFA5 /* LoginVC.swift in Sources */ = {isa = PBXBuildFile; fileRef = 3DBA8B5B224DB3C2008CBFA5 /* LoginVC.swift */; };
		3DBA8B5E224DB5F7008CBFA5 /* CreateAccountVC.swift in Sources */ = {isa = PBXBuildFile; fileRef = 3DBA8B5D224DB5F6008CBFA5 /* CreateAccountVC.swift */; };
		3DBA8B61224DD477008CBFA5 /* AuthService.swift in Sources */ = {isa = PBXBuildFile; fileRef = 3DBA8B60224DD477008CBFA5 /* AuthService.swift */; };
		3DBAA07B224C7EA60081882F /* AppDelegate.swift in Sources */ = {isa = PBXBuildFile; fileRef = 3DBAA07A224C7EA60081882F /* AppDelegate.swift */; };
		3DBAA080224C7EA60081882F /* Main.storyboard in Resources */ = {isa = PBXBuildFile; fileRef = 3DBAA07E224C7EA60081882F /* Main.storyboard */; };
		3DBAA082224C7EA70081882F /* Assets.xcassets in Resources */ = {isa = PBXBuildFile; fileRef = 3DBAA081224C7EA70081882F /* Assets.xcassets */; };
		3DBAA085224C7EA70081882F /* LaunchScreen.storyboard in Resources */ = {isa = PBXBuildFile; fileRef = 3DBAA083224C7EA70081882F /* LaunchScreen.storyboard */; };
		BF0F7A72E857A310AD5E6957 /* Pods_Smack.framework in Frameworks */ = {isa = PBXBuildFile; fileRef = 34B83F3D055C29B51D98648B /* Pods_Smack.framework */; };
/* End PBXBuildFile section */

/* Begin PBXFileReference section */
		34B83F3D055C29B51D98648B /* Pods_Smack.framework */ = {isa = PBXFileReference; explicitFileType = wrapper.framework; includeInIndex = 0; path = Pods_Smack.framework; sourceTree = BUILT_PRODUCTS_DIR; };
		3D7C9424224F05F8001D1AD3 /* RoundedButton.swift */ = {isa = PBXFileReference; lastKnownFileType = sourcecode.swift; path = RoundedButton.swift; sourceTree = "<group>"; };
		3DB2A79A224CE5EA002BCED8 /* ChatVC.swift */ = {isa = PBXFileReference; lastKnownFileType = sourcecode.swift; path = ChatVC.swift; sourceTree = "<group>"; };
		3DB2A79C224CE615002BCED8 /* ChannelVC.swift */ = {isa = PBXFileReference; lastKnownFileType = sourcecode.swift; path = ChannelVC.swift; sourceTree = "<group>"; };
		3DB2A79E224D13C1002BCED8 /* GradientView.swift */ = {isa = PBXFileReference; lastKnownFileType = sourcecode.swift; path = GradientView.swift; sourceTree = "<group>"; };
		3DBA8B59224DABF1008CBFA5 /* Constants.swift */ = {isa = PBXFileReference; lastKnownFileType = sourcecode.swift; path = Constants.swift; sourceTree = "<group>"; };
		3DBA8B5B224DB3C2008CBFA5 /* LoginVC.swift */ = {isa = PBXFileReference; lastKnownFileType = sourcecode.swift; path = LoginVC.swift; sourceTree = "<group>"; };
		3DBA8B5D224DB5F6008CBFA5 /* CreateAccountVC.swift */ = {isa = PBXFileReference; lastKnownFileType = sourcecode.swift; path = CreateAccountVC.swift; sourceTree = "<group>"; };
		3DBA8B60224DD477008CBFA5 /* AuthService.swift */ = {isa = PBXFileReference; lastKnownFileType = sourcecode.swift; path = AuthService.swift; sourceTree = "<group>"; };
		3DBAA077224C7EA60081882F /* Smack.app */ = {isa = PBXFileReference; explicitFileType = wrapper.application; includeInIndex = 0; path = Smack.app; sourceTree = BUILT_PRODUCTS_DIR; };
		3DBAA07A224C7EA60081882F /* AppDelegate.swift */ = {isa = PBXFileReference; lastKnownFileType = sourcecode.swift; path = AppDelegate.swift; sourceTree = "<group>"; };
		3DBAA07F224C7EA60081882F /* Base */ = {isa = PBXFileReference; lastKnownFileType = file.storyboard; name = Base; path = Base.lproj/Main.storyboard; sourceTree = "<group>"; };
		3DBAA081224C7EA70081882F /* Assets.xcassets */ = {isa = PBXFileReference; lastKnownFileType = folder.assetcatalog; path = Assets.xcassets; sourceTree = "<group>"; };
		3DBAA084224C7EA70081882F /* Base */ = {isa = PBXFileReference; lastKnownFileType = file.storyboard; name = Base; path = Base.lproj/LaunchScreen.storyboard; sourceTree = "<group>"; };
		3DBAA086224C7EA70081882F /* Info.plist */ = {isa = PBXFileReference; lastKnownFileType = text.plist.xml; path = Info.plist; sourceTree = "<group>"; };
		633F782F60F910A9BED1A9F1 /* Pods-Smack.release.xcconfig */ = {isa = PBXFileReference; includeInIndex = 1; lastKnownFileType = text.xcconfig; name = "Pods-Smack.release.xcconfig"; path = "Pods/Target Support Files/Pods-Smack/Pods-Smack.release.xcconfig"; sourceTree = "<group>"; };
		82FAF8FE5E75DB2BBAFCA384 /* Pods-Smack.debug.xcconfig */ = {isa = PBXFileReference; includeInIndex = 1; lastKnownFileType = text.xcconfig; name = "Pods-Smack.debug.xcconfig"; path = "Pods/Target Support Files/Pods-Smack/Pods-Smack.debug.xcconfig"; sourceTree = "<group>"; };
/* End PBXFileReference section */

/* Begin PBXFrameworksBuildPhase section */
		3DBAA074224C7EA60081882F /* Frameworks */ = {
			isa = PBXFrameworksBuildPhase;
			buildActionMask = 2147483647;
			files = (
				BF0F7A72E857A310AD5E6957 /* Pods_Smack.framework in Frameworks */,
			);
			runOnlyForDeploymentPostprocessing = 0;
		};
/* End PBXFrameworksBuildPhase section */

/* Begin PBXGroup section */
		3DB2A797224CE4EF002BCED8 /* Controller */ = {
			isa = PBXGroup;
			children = (
				3DB2A79A224CE5EA002BCED8 /* ChatVC.swift */,
				3DB2A79C224CE615002BCED8 /* ChannelVC.swift */,
				3DBA8B5B224DB3C2008CBFA5 /* LoginVC.swift */,
				3DBA8B5D224DB5F6008CBFA5 /* CreateAccountVC.swift */,
			);
			path = Controller;
			sourceTree = "<group>";
		};
		3DB2A798224CE4F5002BCED8 /* View */ = {
			isa = PBXGroup;
			children = (
				3DB2A79E224D13C1002BCED8 /* GradientView.swift */,
				3D7C9424224F05F8001D1AD3 /* RoundedButton.swift */,
			);
			path = View;
			sourceTree = "<group>";
		};
		3DB2A799224CE4FB002BCED8 /* Model */ = {
			isa = PBXGroup;
			children = (
			);
			path = Model;
			sourceTree = "<group>";
		};
		3DBA8B58224DABC6008CBFA5 /* Utilities */ = {
			isa = PBXGroup;
			children = (
				3DBA8B59224DABF1008CBFA5 /* Constants.swift */,
			);
			path = Utilities;
			sourceTree = "<group>";
		};
		3DBA8B5F224DD442008CBFA5 /* Services */ = {
			isa = PBXGroup;
			children = (
				3DBA8B60224DD477008CBFA5 /* AuthService.swift */,
			);
			path = Services;
			sourceTree = "<group>";
		};
		3DBAA06E224C7EA60081882F = {
			isa = PBXGroup;
			children = (
				3DBAA079224C7EA60081882F /* Smack */,
				3DBAA078224C7EA60081882F /* Products */,
				BEB1CFC5E1FDB87B21B1CC9C /* Pods */,
				CC2A575DBBAA14B4B04089BB /* Frameworks */,
			);
			sourceTree = "<group>";
		};
		3DBAA078224C7EA60081882F /* Products */ = {
			isa = PBXGroup;
			children = (
				3DBAA077224C7EA60081882F /* Smack.app */,
			);
			name = Products;
			sourceTree = "<group>";
		};
		3DBAA079224C7EA60081882F /* Smack */ = {
			isa = PBXGroup;
			children = (
				3DBA8B5F224DD442008CBFA5 /* Services */,
				3DBA8B58224DABC6008CBFA5 /* Utilities */,
				3DB2A799224CE4FB002BCED8 /* Model */,
				3DB2A798224CE4F5002BCED8 /* View */,
				3DB2A797224CE4EF002BCED8 /* Controller */,
				3DBAA07A224C7EA60081882F /* AppDelegate.swift */,
				3DBAA07E224C7EA60081882F /* Main.storyboard */,
				3DBAA081224C7EA70081882F /* Assets.xcassets */,
				3DBAA083224C7EA70081882F /* LaunchScreen.storyboard */,
				3DBAA086224C7EA70081882F /* Info.plist */,
			);
			path = Smack;
			sourceTree = "<group>";
		};
		BEB1CFC5E1FDB87B21B1CC9C /* Pods */ = {
			isa = PBXGroup;
			children = (
				82FAF8FE5E75DB2BBAFCA384 /* Pods-Smack.debug.xcconfig */,
				633F782F60F910A9BED1A9F1 /* Pods-Smack.release.xcconfig */,
			);
			name = Pods;
			sourceTree = "<group>";
		};
		CC2A575DBBAA14B4B04089BB /* Frameworks */ = {
			isa = PBXGroup;
			children = (
				34B83F3D055C29B51D98648B /* Pods_Smack.framework */,
			);
			name = Frameworks;
			sourceTree = "<group>";
		};
/* End PBXGroup section */

/* Begin PBXNativeTarget section */
		3DBAA076224C7EA60081882F /* Smack */ = {
			isa = PBXNativeTarget;
			buildConfigurationList = 3DBAA089224C7EA70081882F /* Build configuration list for PBXNativeTarget "Smack" */;
			buildPhases = (
				7F3A9AEFFE563CE65F0FE47E /* [CP] Check Pods Manifest.lock */,
				3DBAA073224C7EA60081882F /* Sources */,
				3DBAA074224C7EA60081882F /* Frameworks */,
				3DBAA075224C7EA60081882F /* Resources */,
				B71CA567A2EF3789D62378B1 /* [CP] Embed Pods Frameworks */,
			);
			buildRules = (
			);
			dependencies = (
			);
			name = Smack;
			productName = Smack;
			productReference = 3DBAA077224C7EA60081882F /* Smack.app */;
			productType = "com.apple.product-type.application";
		};
/* End PBXNativeTarget section */

/* Begin PBXProject section */
		3DBAA06F224C7EA60081882F /* Project object */ = {
			isa = PBXProject;
			attributes = {
				LastSwiftUpdateCheck = 1010;
				LastUpgradeCheck = 1010;
				ORGANIZATIONNAME = "Luc Thoi Sang";
				TargetAttributes = {
					3DBAA076224C7EA60081882F = {
						CreatedOnToolsVersion = 10.1;
					};
				};
			};
			buildConfigurationList = 3DBAA072224C7EA60081882F /* Build configuration list for PBXProject "Smack" */;
			compatibilityVersion = "Xcode 9.3";
			developmentRegion = en;
			hasScannedForEncodings = 0;
			knownRegions = (
				en,
				Base,
			);
			mainGroup = 3DBAA06E224C7EA60081882F;
			productRefGroup = 3DBAA078224C7EA60081882F /* Products */;
			projectDirPath = "";
			projectRoot = "";
			targets = (
				3DBAA076224C7EA60081882F /* Smack */,
			);
		};
/* End PBXProject section */

/* Begin PBXResourcesBuildPhase section */
		3DBAA075224C7EA60081882F /* Resources */ = {
			isa = PBXResourcesBuildPhase;
			buildActionMask = 2147483647;
			files = (
				3DBAA085224C7EA70081882F /* LaunchScreen.storyboard in Resources */,
				3DBAA082224C7EA70081882F /* Assets.xcassets in Resources */,
				3DBAA080224C7EA60081882F /* Main.storyboard in Resources */,
			);
			runOnlyForDeploymentPostprocessing = 0;
		};
/* End PBXResourcesBuildPhase section */

/* Begin PBXShellScriptBuildPhase section */
		7F3A9AEFFE563CE65F0FE47E /* [CP] Check Pods Manifest.lock */ = {
			isa = PBXShellScriptBuildPhase;
			buildActionMask = 2147483647;
			files = (
			);
			inputPaths = (
				"${PODS_PODFILE_DIR_PATH}/Podfile.lock",
				"${PODS_ROOT}/Manifest.lock",
			);
			name = "[CP] Check Pods Manifest.lock";
			outputPaths = (
				"$(DERIVED_FILE_DIR)/Pods-Smack-checkManifestLockResult.txt",
			);
			runOnlyForDeploymentPostprocessing = 0;
			shellPath = /bin/sh;
			shellScript = "diff \"${PODS_PODFILE_DIR_PATH}/Podfile.lock\" \"${PODS_ROOT}/Manifest.lock\" > /dev/null\nif [ $? != 0 ] ; then\n    # print error to STDERR\n    echo \"error: The sandbox is not in sync with the Podfile.lock. Run 'pod install' or update your CocoaPods installation.\" >&2\n    exit 1\nfi\n# This output is used by Xcode 'outputs' to avoid re-running this script phase.\necho \"SUCCESS\" > \"${SCRIPT_OUTPUT_FILE_0}\"\n";
			showEnvVarsInLog = 0;
		};
		B71CA567A2EF3789D62378B1 /* [CP] Embed Pods Frameworks */ = {
			isa = PBXShellScriptBuildPhase;
			buildActionMask = 2147483647;
			files = (
			);
			inputPaths = (
				"${SRCROOT}/Pods/Target Support Files/Pods-Smack/Pods-Smack-frameworks.sh",
				"${BUILT_PRODUCTS_DIR}/Alamofire/Alamofire.framework",
				"${BUILT_PRODUCTS_DIR}/SWRevealViewController/SWRevealViewController.framework",
				"${BUILT_PRODUCTS_DIR}/Socket.IO-Client-Swift/SocketIO.framework",
				"${BUILT_PRODUCTS_DIR}/Starscream/Starscream.framework",
				"${BUILT_PRODUCTS_DIR}/SwiftyJSON/SwiftyJSON.framework",
			);
			name = "[CP] Embed Pods Frameworks";
			outputPaths = (
				"${TARGET_BUILD_DIR}/${FRAMEWORKS_FOLDER_PATH}/Alamofire.framework",
				"${TARGET_BUILD_DIR}/${FRAMEWORKS_FOLDER_PATH}/SWRevealViewController.framework",
				"${TARGET_BUILD_DIR}/${FRAMEWORKS_FOLDER_PATH}/SocketIO.framework",
				"${TARGET_BUILD_DIR}/${FRAMEWORKS_FOLDER_PATH}/Starscream.framework",
				"${TARGET_BUILD_DIR}/${FRAMEWORKS_FOLDER_PATH}/SwiftyJSON.framework",
			);
			runOnlyForDeploymentPostprocessing = 0;
			shellPath = /bin/sh;
			shellScript = "\"${SRCROOT}/Pods/Target Support Files/Pods-Smack/Pods-Smack-frameworks.sh\"\n";
			showEnvVarsInLog = 0;
		};
/* End PBXShellScriptBuildPhase section */

/* Begin PBXSourcesBuildPhase section */
		3DBAA073224C7EA60081882F /* Sources */ = {
			isa = PBXSourcesBuildPhase;
			buildActionMask = 2147483647;
			files = (
				3DBA8B5A224DABF1008CBFA5 /* Constants.swift in Sources */,
				3DB2A79B224CE5EA002BCED8 /* ChatVC.swift in Sources */,
				3DBA8B5C224DB3C2008CBFA5 /* LoginVC.swift in Sources */,
				3DB2A79D224CE615002BCED8 /* ChannelVC.swift in Sources */,
				3D7C9425224F05F8001D1AD3 /* RoundedButton.swift in Sources */,
				3DBA8B5E224DB5F7008CBFA5 /* CreateAccountVC.swift in Sources */,
				3DB2A79F224D13C1002BCED8 /* GradientView.swift in Sources */,
				3DBAA07B224C7EA60081882F /* AppDelegate.swift in Sources */,
				3DBA8B61224DD477008CBFA5 /* AuthService.swift in Sources */,
			);
			runOnlyForDeploymentPostprocessing = 0;
		};
/* End PBXSourcesBuildPhase section */

/* Begin PBXVariantGroup section */
		3DBAA07E224C7EA60081882F /* Main.storyboard */ = {
			isa = PBXVariantGroup;
			children = (
				3DBAA07F224C7EA60081882F /* Base */,
			);
			name = Main.storyboard;
			sourceTree = "<group>";
		};
		3DBAA083224C7EA70081882F /* LaunchScreen.storyboard */ = {
			isa = PBXVariantGroup;
			children = (
				3DBAA084224C7EA70081882F /* Base */,
			);
			name = LaunchScreen.storyboard;
			sourceTree = "<group>";
		};
/* End PBXVariantGroup section */

/* Begin XCBuildConfiguration section */
		3DBAA087224C7EA70081882F /* Debug */ = {
			isa = XCBuildConfiguration;
			buildSettings = {
				ALWAYS_SEARCH_USER_PATHS = NO;
				CLANG_ANALYZER_NONNULL = YES;
				CLANG_ANALYZER_NUMBER_OBJECT_CONVERSION = YES_AGGRESSIVE;
				CLANG_CXX_LANGUAGE_STANDARD = "gnu++14";
				CLANG_CXX_LIBRARY = "libc++";
				CLANG_ENABLE_MODULES = YES;
				CLANG_ENABLE_OBJC_ARC = YES;
				CLANG_ENABLE_OBJC_WEAK = YES;
				CLANG_WARN_BLOCK_CAPTURE_AUTORELEASING = YES;
				CLANG_WARN_BOOL_CONVERSION = YES;
				CLANG_WARN_COMMA = YES;
				CLANG_WARN_CONSTANT_CONVERSION = YES;
				CLANG_WARN_DEPRECATED_OBJC_IMPLEMENTATIONS = YES;
				CLANG_WARN_DIRECT_OBJC_ISA_USAGE = YES_ERROR;
				CLANG_WARN_DOCUMENTATION_COMMENTS = YES;
				CLANG_WARN_EMPTY_BODY = YES;
				CLANG_WARN_ENUM_CONVERSION = YES;
				CLANG_WARN_INFINITE_RECURSION = YES;
				CLANG_WARN_INT_CONVERSION = YES;
				CLANG_WARN_NON_LITERAL_NULL_CONVERSION = YES;
				CLANG_WARN_OBJC_IMPLICIT_RETAIN_SELF = YES;
				CLANG_WARN_OBJC_LITERAL_CONVERSION = YES;
				CLANG_WARN_OBJC_ROOT_CLASS = YES_ERROR;
				CLANG_WARN_RANGE_LOOP_ANALYSIS = YES;
				CLANG_WARN_STRICT_PROTOTYPES = YES;
				CLANG_WARN_SUSPICIOUS_MOVE = YES;
				CLANG_WARN_UNGUARDED_AVAILABILITY = YES_AGGRESSIVE;
				CLANG_WARN_UNREACHABLE_CODE = YES;
				CLANG_WARN__DUPLICATE_METHOD_MATCH = YES;
				CODE_SIGN_IDENTITY = "iPhone Developer";
				COPY_PHASE_STRIP = NO;
				DEBUG_INFORMATION_FORMAT = dwarf;
				ENABLE_STRICT_OBJC_MSGSEND = YES;
				ENABLE_TESTABILITY = YES;
				GCC_C_LANGUAGE_STANDARD = gnu11;
				GCC_DYNAMIC_NO_PIC = NO;
				GCC_NO_COMMON_BLOCKS = YES;
				GCC_OPTIMIZATION_LEVEL = 0;
				GCC_PREPROCESSOR_DEFINITIONS = (
					"DEBUG=1",
					"$(inherited)",
				);
				GCC_WARN_64_TO_32_BIT_CONVERSION = YES;
				GCC_WARN_ABOUT_RETURN_TYPE = YES_ERROR;
				GCC_WARN_UNDECLARED_SELECTOR = YES;
				GCC_WARN_UNINITIALIZED_AUTOS = YES_AGGRESSIVE;
				GCC_WARN_UNUSED_FUNCTION = YES;
				GCC_WARN_UNUSED_VARIABLE = YES;
				IPHONEOS_DEPLOYMENT_TARGET = 12.1;
				MTL_ENABLE_DEBUG_INFO = INCLUDE_SOURCE;
				MTL_FAST_MATH = YES;
				ONLY_ACTIVE_ARCH = YES;
				SDKROOT = iphoneos;
				SWIFT_ACTIVE_COMPILATION_CONDITIONS = DEBUG;
				SWIFT_OPTIMIZATION_LEVEL = "-Onone";
			};
			name = Debug;
		};
		3DBAA088224C7EA70081882F /* Release */ = {
			isa = XCBuildConfiguration;
			buildSettings = {
				ALWAYS_SEARCH_USER_PATHS = NO;
				CLANG_ANALYZER_NONNULL = YES;
				CLANG_ANALYZER_NUMBER_OBJECT_CONVERSION = YES_AGGRESSIVE;
				CLANG_CXX_LANGUAGE_STANDARD = "gnu++14";
				CLANG_CXX_LIBRARY = "libc++";
				CLANG_ENABLE_MODULES = YES;
				CLANG_ENABLE_OBJC_ARC = YES;
				CLANG_ENABLE_OBJC_WEAK = YES;
				CLANG_WARN_BLOCK_CAPTURE_AUTORELEASING = YES;
				CLANG_WARN_BOOL_CONVERSION = YES;
				CLANG_WARN_COMMA = YES;
				CLANG_WARN_CONSTANT_CONVERSION = YES;
				CLANG_WARN_DEPRECATED_OBJC_IMPLEMENTATIONS = YES;
				CLANG_WARN_DIRECT_OBJC_ISA_USAGE = YES_ERROR;
				CLANG_WARN_DOCUMENTATION_COMMENTS = YES;
				CLANG_WARN_EMPTY_BODY = YES;
				CLANG_WARN_ENUM_CONVERSION = YES;
				CLANG_WARN_INFINITE_RECURSION = YES;
				CLANG_WARN_INT_CONVERSION = YES;
				CLANG_WARN_NON_LITERAL_NULL_CONVERSION = YES;
				CLANG_WARN_OBJC_IMPLICIT_RETAIN_SELF = YES;
				CLANG_WARN_OBJC_LITERAL_CONVERSION = YES;
				CLANG_WARN_OBJC_ROOT_CLASS = YES_ERROR;
				CLANG_WARN_RANGE_LOOP_ANALYSIS = YES;
				CLANG_WARN_STRICT_PROTOTYPES = YES;
				CLANG_WARN_SUSPICIOUS_MOVE = YES;
				CLANG_WARN_UNGUARDED_AVAILABILITY = YES_AGGRESSIVE;
				CLANG_WARN_UNREACHABLE_CODE = YES;
				CLANG_WARN__DUPLICATE_METHOD_MATCH = YES;
				CODE_SIGN_IDENTITY = "iPhone Developer";
				COPY_PHASE_STRIP = NO;
				DEBUG_INFORMATION_FORMAT = "dwarf-with-dsym";
				ENABLE_NS_ASSERTIONS = NO;
				ENABLE_STRICT_OBJC_MSGSEND = YES;
				GCC_C_LANGUAGE_STANDARD = gnu11;
				GCC_NO_COMMON_BLOCKS = YES;
				GCC_WARN_64_TO_32_BIT_CONVERSION = YES;
				GCC_WARN_ABOUT_RETURN_TYPE = YES_ERROR;
				GCC_WARN_UNDECLARED_SELECTOR = YES;
				GCC_WARN_UNINITIALIZED_AUTOS = YES_AGGRESSIVE;
				GCC_WARN_UNUSED_FUNCTION = YES;
				GCC_WARN_UNUSED_VARIABLE = YES;
				IPHONEOS_DEPLOYMENT_TARGET = 12.1;
				MTL_ENABLE_DEBUG_INFO = NO;
				MTL_FAST_MATH = YES;
				SDKROOT = iphoneos;
				SWIFT_COMPILATION_MODE = wholemodule;
				SWIFT_OPTIMIZATION_LEVEL = "-O";
				VALIDATE_PRODUCT = YES;
			};
			name = Release;
		};
		3DBAA08A224C7EA70081882F /* Debug */ = {
			isa = XCBuildConfiguration;
			baseConfigurationReference = 82FAF8FE5E75DB2BBAFCA384 /* Pods-Smack.debug.xcconfig */;
			buildSettings = {
				ASSETCATALOG_COMPILER_APPICON_NAME = AppIcon;
				CODE_SIGN_STYLE = Automatic;
				DEVELOPMENT_TEAM = V24J95GX27;
				INFOPLIST_FILE = Smack/Info.plist;
				LD_RUNPATH_SEARCH_PATHS = (
					"$(inherited)",
					"@executable_path/Frameworks",
				);
				PRODUCT_BUNDLE_IDENTIFIER = com.lucthoisang.Smack;
				PRODUCT_NAME = "$(TARGET_NAME)";
				SWIFT_VERSION = 4.2;
				TARGETED_DEVICE_FAMILY = "1,2";
			};
			name = Debug;
		};
		3DBAA08B224C7EA70081882F /* Release */ = {
			isa = XCBuildConfiguration;
			baseConfigurationReference = 633F782F60F910A9BED1A9F1 /* Pods-Smack.release.xcconfig */;
			buildSettings = {
				ASSETCATALOG_COMPILER_APPICON_NAME = AppIcon;
				CODE_SIGN_STYLE = Automatic;
				DEVELOPMENT_TEAM = V24J95GX27;
				INFOPLIST_FILE = Smack/Info.plist;
				LD_RUNPATH_SEARCH_PATHS = (
					"$(inherited)",
					"@executable_path/Frameworks",
				);
				PRODUCT_BUNDLE_IDENTIFIER = com.lucthoisang.Smack;
				PRODUCT_NAME = "$(TARGET_NAME)";
				SWIFT_VERSION = 4.2;
				TARGETED_DEVICE_FAMILY = "1,2";
			};
			name = Release;
		};
/* End XCBuildConfiguration section */

/* Begin XCConfigurationList section */
		3DBAA072224C7EA60081882F /* Build configuration list for PBXProject "Smack" */ = {
			isa = XCConfigurationList;
			buildConfigurations = (
				3DBAA087224C7EA70081882F /* Debug */,
				3DBAA088224C7EA70081882F /* Release */,
			);
			defaultConfigurationIsVisible = 0;
			defaultConfigurationName = Release;
		};
		3DBAA089224C7EA70081882F /* Build configuration list for PBXNativeTarget "Smack" */ = {
			isa = XCConfigurationList;
			buildConfigurations = (
				3DBAA08A224C7EA70081882F /* Debug */,
				3DBAA08B224C7EA70081882F /* Release */,
			);
			defaultConfigurationIsVisible = 0;
			defaultConfigurationName = Release;
		};
/* End XCConfigurationList section */
	};
	rootObject = 3DBAA06F224C7EA60081882F /* Project object */;
}
